
Microsoft Visual Studio Solution File, Format Version 12.00
# Visual Studio 2012
Project("{FAE04EC0-301F-11D3-BF4B-00C04F79EFBC}") = "Sandbox.Domain", "Sandbox.Domain\Sandbox.Domain.csproj", "{737552C5-29DB-4CE9-A3D0-8B73D19BE5AB}"
EndProject
Project("{2150E333-8FDC-42A3-9474-1A3956D46DE8}") = "Persistence", "Persistence", "{B9B68506-EC90-4D5B-9E8D-2981359EF8CE}"
EndProject
Project("{2150E333-8FDC-42A3-9474-1A3956D46DE8}") = "Domain", "Domain", "{02E71480-6DC5-4247-BAF2-0C77FD4FE3DF}"
EndProject
Project("{2150E333-8FDC-42A3-9474-1A3956D46DE8}") = "Test", "Test", "{F5418BB6-767C-4B0A-9E95-82DB9268E8F7}"
EndProject
Project("{2150E333-8FDC-42A3-9474-1A3956D46DE8}") = "Web", "Web", "{2C67F53F-80EB-4DEF-B80E-0238EEC5939B}"
EndProject
Project("{FAE04EC0-301F-11D3-BF4B-00C04F79EFBC}") = "Sandbox.Persistence.NHibernate", "Sandbox.Persistence.NHibernate\Sandbox.Persistence.NHibernate.csproj", "{0F7D00A8-30B6-483B-B988-904BFAA08283}"
EndProject
Project("{FAE04EC0-301F-11D3-BF4B-00C04F79EFBC}") = "Sandbox.Persistence.Common", "Sandbox.Persistence.Common\Sandbox.Persistence.Common.csproj", "{13EEA988-14A9-4483-A5A7-6A08D3DA74A5}"
EndProject
Project("{FAE04EC0-301F-11D3-BF4B-00C04F79EFBC}") = "Sandbox.Test", "Sandbox.Test.Web\Sandbox.Test.csproj", "{179312DF-64C5-401D-9AA0-0653CDAE05DD}"
EndProject
Project("{FAE04EC0-301F-11D3-BF4B-00C04F79EFBC}") = "Sandbox.Web", "Sandbox.Web\Sandbox.Web.csproj", "{1BFAE2FD-DD64-4BA4-B2AD-5F70A8812765}"
EndProject
Project("{FAE04EC0-301F-11D3-BF4B-00C04F79EFBC}") = "Sandbox.Web.Common", "Sandbox.Web.Utils\Sandbox.Web.Common.csproj", "{B1246A43-4AD5-4A57-8220-C615205BFEAD}"
EndProject
Global
	GlobalSection(SolutionConfigurationPlatforms) = preSolution
		Debug|Any CPU = Debug|Any CPU
		Release|Any CPU = Release|Any CPU
	EndGlobalSection
	GlobalSection(ProjectConfigurationPlatforms) = postSolution
		{737552C5-29DB-4CE9-A3D0-8B73D19BE5AB}.Debug|Any CPU.ActiveCfg = Debug|Any CPU
		{737552C5-29DB-4CE9-A3D0-8B73D19BE5AB}.Debug|Any CPU.Build.0 = Debug|Any CPU
		{737552C5-29DB-4CE9-A3D0-8B73D19BE5AB}.Release|Any CPU.ActiveCfg = Release|Any CPU
		{737552C5-29DB-4CE9-A3D0-8B73D19BE5AB}.Release|Any CPU.Build.0 = Release|Any CPU
		{0F7D00A8-30B6-483B-B988-904BFAA08283}.Debug|Any CPU.ActiveCfg = Debug|Any CPU
		{0F7D00A8-30B6-483B-B988-904BFAA08283}.Debug|Any CPU.Build.0 = Debug|Any CPU
		{0F7D00A8-30B6-483B-B988-904BFAA08283}.Release|Any CPU.ActiveCfg = Release|Any CPU
		{0F7D00A8-30B6-483B-B988-904BFAA08283}.Release|Any CPU.Build.0 = Release|Any CPU
		{13EEA988-14A9-4483-A5A7-6A08D3DA74A5}.Debug|Any CPU.ActiveCfg = Debug|Any CPU
		{13EEA988-14A9-4483-A5A7-6A08D3DA74A5}.Debug|Any CPU.Build.0 = Debug|Any CPU
		{13EEA988-14A9-4483-A5A7-6A08D3DA74A5}.Release|Any CPU.ActiveCfg = Release|Any CPU
		{13EEA988-14A9-4483-A5A7-6A08D3DA74A5}.Release|Any CPU.Build.0 = Release|Any CPU
		{179312DF-64C5-401D-9AA0-0653CDAE05DD}.Debug|Any CPU.ActiveCfg = Debug|Any CPU
		{179312DF-64C5-401D-9AA0-0653CDAE05DD}.Debug|Any CPU.Build.0 = Debug|Any CPU
		{179312DF-64C5-401D-9AA0-0653CDAE05DD}.Release|Any CPU.ActiveCfg = Release|Any CPU
		{179312DF-64C5-401D-9AA0-0653CDAE05DD}.Release|Any CPU.Build.0 = Release|Any CPU
		{1BFAE2FD-DD64-4BA4-B2AD-5F70A8812765}.Debug|Any CPU.ActiveCfg = Debug|Any CPU
		{1BFAE2FD-DD64-4BA4-B2AD-5F70A8812765}.Debug|Any CPU.Build.0 = Debug|Any CPU
		{1BFAE2FD-DD64-4BA4-B2AD-5F70A8812765}.Release|Any CPU.ActiveCfg = Release|Any CPU
		{1BFAE2FD-DD64-4BA4-B2AD-5F70A8812765}.Release|Any CPU.Build.0 = Release|Any CPU
		{B1246A43-4AD5-4A57-8220-C615205BFEAD}.Debug|Any CPU.ActiveCfg = Debug|Any CPU
		{B1246A43-4AD5-4A57-8220-C615205BFEAD}.Debug|Any CPU.Build.0 = Debug|Any CPU
		{B1246A43-4AD5-4A57-8220-C615205BFEAD}.Release|Any CPU.ActiveCfg = Release|Any CPU
		{B1246A43-4AD5-4A57-8220-C615205BFEAD}.Release|Any CPU.Build.0 = Release|Any CPU
	EndGlobalSection
	GlobalSection(SolutionProperties) = preSolution
		HideSolutionNode = FALSE
	EndGlobalSection
	GlobalSection(NestedProjects) = preSolution
		{737552C5-29DB-4CE9-A3D0-8B73D19BE5AB} = {02E71480-6DC5-4247-BAF2-0C77FD4FE3DF}
		{0F7D00A8-30B6-483B-B988-904BFAA08283} = {B9B68506-EC90-4D5B-9E8D-2981359EF8CE}
		{13EEA988-14A9-4483-A5A7-6A08D3DA74A5} = {B9B68506-EC90-4D5B-9E8D-2981359EF8CE}
		{179312DF-64C5-401D-9AA0-0653CDAE05DD} = {F5418BB6-767C-4B0A-9E95-82DB9268E8F7}
		{1BFAE2FD-DD64-4BA4-B2AD-5F70A8812765} = {2C67F53F-80EB-4DEF-B80E-0238EEC5939B}
		{B1246A43-4AD5-4A57-8220-C615205BFEAD} = {2C67F53F-80EB-4DEF-B80E-0238EEC5939B}
	EndGlobalSection
EndGlobal
